{
  "version": "4",
  "specifiers": {
    "jsr:@es-toolkit/es-toolkit@^1.18.0": "1.18.0",
    "jsr:@momiji/cors@*": "1.0.1",
    "jsr:@oak/commons@0.11": "0.11.0",
    "jsr:@oak/commons@1": "1.0.0",
    "jsr:@oak/oak@*": "17.0.0",
    "jsr:@oak/oak@^16.1.0": "16.1.0",
    "jsr:@std/assert@0.223": "0.223.0",
    "jsr:@std/assert@0.224": "0.224.0",
    "jsr:@std/assert@0.226": "0.226.0",
    "jsr:@std/assert@1": "1.0.4",
    "jsr:@std/bytes@0.223": "0.223.0",
    "jsr:@std/bytes@0.224": "0.224.0",
    "jsr:@std/bytes@1": "1.0.2",
    "jsr:@std/bytes@^1.0.2": "1.0.2",
    "jsr:@std/crypto@0.223": "0.223.0",
    "jsr:@std/crypto@0.224": "0.224.0",
    "jsr:@std/crypto@1": "1.0.3",
    "jsr:@std/encoding@0.223": "0.223.0",
    "jsr:@std/encoding@1": "1.0.4",
    "jsr:@std/encoding@1.0.0-rc.2": "1.0.0-rc.2",
    "jsr:@std/encoding@^1.0.4": "1.0.4",
    "jsr:@std/http@0.223": "0.223.0",
    "jsr:@std/http@0.224": "0.224.5",
    "jsr:@std/http@1": "1.0.5",
    "jsr:@std/io@0.223": "0.223.0",
    "jsr:@std/io@0.224": "0.224.7",
    "jsr:@std/media-types@0.223": "0.223.0",
    "jsr:@std/media-types@0.224": "0.224.1",
    "jsr:@std/media-types@1": "1.0.3",
    "jsr:@std/path@0.223": "0.223.0",
    "jsr:@std/path@1": "1.0.4",
    "npm:@types/node@*": "18.16.19",
    "npm:knex@*": "3.1.0",
    "npm:path-to-regexp@6.2.1": "6.2.1"
  },
  "jsr": {
    "@es-toolkit/es-toolkit@1.18.0": {
      "integrity": "eef45afe14975651c39595081b6c8d2fd8c10f998b0002697867afe96e02645d"
    },
    "@momiji/cors@1.0.1": {
      "integrity": "2cab5fd27ec2a978380ad8ae2d93ced813070b64c78a739e17eda007f928e5e2",
      "dependencies": [
        "jsr:@oak/oak@^16.1.0"
      ]
    },
    "@oak/commons@0.11.0": {
      "integrity": "07702bfe5c07cd8144c422022994da1f9fea466b185824f4be63a2b1b1a65125",
      "dependencies": [
        "jsr:@std/assert@0.226",
        "jsr:@std/bytes@0.224",
        "jsr:@std/crypto@0.224",
        "jsr:@std/http@0.224",
        "jsr:@std/media-types@0.224"
      ]
    },
    "@oak/commons@1.0.0": {
      "integrity": "49805b55603c3627a9d6235c0655aa2b6222d3036b3a13ff0380c16368f607ac",
      "dependencies": [
        "jsr:@std/assert@1",
        "jsr:@std/bytes@1",
        "jsr:@std/crypto@1",
        "jsr:@std/encoding@1",
        "jsr:@std/http@1",
        "jsr:@std/media-types@1"
      ]
    },
    "@oak/oak@16.1.0": {
      "integrity": "ab21506555fffeb08dc8f45ff5d28607e8087949ff58bd2964b27df65994480b",
      "dependencies": [
        "jsr:@oak/commons@0.11",
        "jsr:@std/assert@0.223",
        "jsr:@std/bytes@0.223",
        "jsr:@std/crypto@0.223",
        "jsr:@std/http@0.223",
        "jsr:@std/io@0.223",
        "jsr:@std/media-types@0.223",
        "jsr:@std/path@0.223",
        "npm:path-to-regexp"
      ]
    },
    "@oak/oak@17.0.0": {
      "integrity": "1be33e585080d8ce5093963469a05ed265f1d5f139421c9b0fda8419a533ebee",
      "dependencies": [
        "jsr:@oak/commons@1",
        "jsr:@std/assert@1",
        "jsr:@std/bytes@1",
        "jsr:@std/crypto@1",
        "jsr:@std/http@1",
        "jsr:@std/io@0.224",
        "jsr:@std/media-types@1",
        "jsr:@std/path@1",
        "npm:path-to-regexp"
      ]
    },
    "@std/assert@0.223.0": {
      "integrity": "eb8d6d879d76e1cc431205bd346ed4d88dc051c6366365b1af47034b0670be24"
    },
    "@std/assert@0.224.0": {
      "integrity": "8643233ec7aec38a940a8264a6e3eed9bfa44e7a71cc6b3c8874213ff401967f"
    },
    "@std/assert@0.226.0": {
      "integrity": "0dfb5f7c7723c18cec118e080fec76ce15b4c31154b15ad2bd74822603ef75b3"
    },
    "@std/assert@1.0.4": {
      "integrity": "d4c767ea578e5bc09c15b6e503376003e5b2d1f4c0cdf08524a92101ff4d7b96"
    },
    "@std/bytes@0.223.0": {
      "integrity": "84b75052cd8680942c397c2631318772b295019098f40aac5c36cead4cba51a8"
    },
    "@std/bytes@0.224.0": {
      "integrity": "a2250e1d0eb7d1c5a426f21267ab9bdeac2447fa87a3d0d1a467d3f7a6058e49"
    },
    "@std/bytes@1.0.2": {
      "integrity": "fbdee322bbd8c599a6af186a1603b3355e59a5fb1baa139f8f4c3c9a1b3e3d57"
    },
    "@std/crypto@0.223.0": {
      "integrity": "1aa9555ff56b09e197ad988ea200f84bc6781fd4fd83f3a156ee44449af93000",
      "dependencies": [
        "jsr:@std/assert@0.223",
        "jsr:@std/encoding@0.223"
      ]
    },
    "@std/crypto@0.224.0": {
      "integrity": "154ef3ff08ef535562ef1a718718c5b2c5fc3808f0f9100daad69e829bfcdf2d",
      "dependencies": [
        "jsr:@std/assert@0.224"
      ]
    },
    "@std/crypto@1.0.3": {
      "integrity": "a2a32f51ddef632d299e3879cd027c630dcd4d1d9a5285d6e6788072f4e51e7f"
    },
    "@std/encoding@0.223.0": {
      "integrity": "2b5615a75e00337ce113f34cf2f9b8c18182c751a8dcc8b1a2c2fc0e117bef00"
    },
    "@std/encoding@1.0.0-rc.2": {
      "integrity": "160d7674a20ebfbccdf610b3801fee91cf6e42d1c106dd46bbaf46e395cd35ef"
    },
    "@std/encoding@1.0.4": {
      "integrity": "2266cd516b32369e3dc5695717c96bf88343a1f761d6e6187a02a2bbe2af86ae"
    },
    "@std/http@0.223.0": {
      "integrity": "15ab8a0c5a7e9d5be017a15b01600f20f66602ceec48b378939fa24fcec522aa",
      "dependencies": [
        "jsr:@std/assert@0.223",
        "jsr:@std/encoding@0.223"
      ]
    },
    "@std/http@0.224.5": {
      "integrity": "b03b5d1529f6c423badfb82f6640f9f2557b4034cd7c30655ba5bb447ff750a4",
      "dependencies": [
        "jsr:@std/encoding@1.0.0-rc.2"
      ]
    },
    "@std/http@1.0.5": {
      "integrity": "afa1cf4f0c19e224534df3288a84de4fdfffe8a26308dfe3794166e4fafe0f3d",
      "dependencies": [
        "jsr:@std/encoding@^1.0.4"
      ]
    },
    "@std/io@0.223.0": {
      "integrity": "2d8c3c2ab3a515619b90da2c6ff5ea7b75a94383259ef4d02116b228393f84f1",
      "dependencies": [
        "jsr:@std/bytes@0.223"
      ]
    },
    "@std/io@0.224.7": {
      "integrity": "a70848793c44a7c100926571a8c9be68ba85487bfcd4d0540d86deabe1123dc9",
      "dependencies": [
        "jsr:@std/bytes@^1.0.2"
      ]
    },
    "@std/media-types@0.223.0": {
      "integrity": "84684680c2eb6bc6d9369c6d6f26a49decaf2c7603ff531862dda575d9d6776e"
    },
    "@std/media-types@0.224.1": {
      "integrity": "9e69a5daed37c5b5c6d3ce4731dc191f80e67f79bed392b0957d1d03b87f11e1"
    },
    "@std/media-types@1.0.3": {
      "integrity": "b12d30a7852f7578f4d210622df713bbfd1cbdd9b4ec2eaf5c1845ab70bab159"
    },
    "@std/path@0.223.0": {
      "integrity": "593963402d7e6597f5a6e620931661053572c982fc014000459edc1f93cc3989",
      "dependencies": [
        "jsr:@std/assert@0.223"
      ]
    },
    "@std/path@1.0.4": {
      "integrity": "48dd5d8389bcfcd619338a01bdf862cb7799933390146a54ae59356a0acc7105"
    }
  },
  "npm": {
    "@types/node@18.16.19": {
      "integrity": "sha512-IXl7o+R9iti9eBW4Wg2hx1xQDig183jj7YLn8F7udNceyfkbn1ZxmzZXuak20gR40D7pIkIY1kYGx5VIGbaHKA=="
    },
    "colorette@2.0.19": {
      "integrity": "sha512-3tlv/dIP7FWvj3BsbHrGLJ6l/oKh1O3TcgBqMn+yyCagOxc23fyzDS6HypQbgxWbkpDnf52p1LuR4eWDQ/K9WQ=="
    },
    "commander@10.0.1": {
      "integrity": "sha512-y4Mg2tXshplEbSGzx7amzPwKKOCGuoSRP/CjEdwwk0FOGlUbq6lKuoyDZTNZkmxHdJtp54hdfY/JUrdL7Xfdug=="
    },
    "debug@4.3.4": {
      "integrity": "sha512-PRWFHuSU3eDtQJPvnNY7Jcket1j0t5OuOsFzPPzsekD52Zl8qUfFIPEiswXqIvHWGVHOgX+7G/vCNNhehwxfkQ==",
      "dependencies": [
        "ms"
      ]
    },
    "escalade@3.2.0": {
      "integrity": "sha512-WUj2qlxaQtO4g6Pq5c29GTcWGDyd8itL8zTlipgECz3JesAiiOKotd8JU6otB3PACgG6xkJUyVhboMS+bje/jA=="
    },
    "esm@3.2.25": {
      "integrity": "sha512-U1suiZ2oDVWv4zPO56S0NcR5QriEahGtdN2OR6FiOG4WJvcjBVFB0qI4+eKoWFH483PKGuLuu6V8Z4T5g63UVA=="
    },
    "function-bind@1.1.2": {
      "integrity": "sha512-7XHNxH7qX9xG5mIwxkhumTox/MIRNcOgDrxWsMt2pAr23WHp6MrRlN7FBSFpCpr+oVO0F744iUgR82nJMfG2SA=="
    },
    "get-package-type@0.1.0": {
      "integrity": "sha512-pjzuKtY64GYfWizNAJ0fr9VqttZkNiK2iS430LtIHzjBEr6bX8Am2zm4sW4Ro5wjWW5cAlRL1qAMTcXbjNAO2Q=="
    },
    "getopts@2.3.0": {
      "integrity": "sha512-5eDf9fuSXwxBL6q5HX+dhDj+dslFGWzU5thZ9kNKUkcPtaPdatmUFKwHFrLb/uf/WpA4BHET+AX3Scl56cAjpA=="
    },
    "hasown@2.0.2": {
      "integrity": "sha512-0hJU9SCPvmMzIBdZFqNPXWa6dqh7WdH0cII9y+CyS8rG3nL48Bclra9HmKhVVUHyPWNH5Y7xDwAB7bfgSjkUMQ==",
      "dependencies": [
        "function-bind"
      ]
    },
    "interpret@2.2.0": {
      "integrity": "sha512-Ju0Bz/cEia55xDwUWEa8+olFpCiQoypjnQySseKtmjNrnps3P+xfpUmGr90T7yjlVJmOtybRvPXhKMbHr+fWnw=="
    },
    "is-core-module@2.15.1": {
      "integrity": "sha512-z0vtXSwucUJtANQWldhbtbt7BnL0vxiFjIdDLAatwhDYty2bad6s+rijD6Ri4YuYJubLzIJLUidCh09e1djEVQ==",
      "dependencies": [
        "hasown"
      ]
    },
    "knex@3.1.0": {
      "integrity": "sha512-GLoII6hR0c4ti243gMs5/1Rb3B+AjwMOfjYm97pu0FOQa7JH56hgBxYf5WK2525ceSbBY1cjeZ9yk99GPMB6Kw==",
      "dependencies": [
        "colorette",
        "commander",
        "debug",
        "escalade",
        "esm",
        "get-package-type",
        "getopts",
        "interpret",
        "lodash",
        "pg-connection-string",
        "rechoir",
        "resolve-from",
        "tarn",
        "tildify"
      ]
    },
    "lodash@4.17.21": {
      "integrity": "sha512-v2kDEe57lecTulaDIuNTPy3Ry4gLGJ6Z1O3vE1krgXZNrsQ+LFTGHVxVjcXPs17LhbZVGedAJv8XZ1tvj5FvSg=="
    },
    "ms@2.1.2": {
      "integrity": "sha512-sGkPx+VjMtmA6MX27oA4FBFELFCZZ4S4XqeGOXCv68tT+jb3vk/RyaKWP0PTKyWtmLSM0b+adUTEvbs1PEaH2w=="
    },
    "path-parse@1.0.7": {
      "integrity": "sha512-LDJzPVEEEPR+y48z93A0Ed0yXb8pAByGWo/k5YYdYgpY2/2EsOsksJrq7lOHxryrVOn1ejG6oAp8ahvOIQD8sw=="
    },
    "path-to-regexp@6.2.1": {
      "integrity": "sha512-JLyh7xT1kizaEvcaXOQwOc2/Yhw6KZOvPf1S8401UyLk86CU79LN3vl7ztXGm/pZ+YjoyAJ4rxmHwbkBXJX+yw=="
    },
    "pg-connection-string@2.6.2": {
      "integrity": "sha512-ch6OwaeaPYcova4kKZ15sbJ2hKb/VP48ZD2gE7i1J+L4MspCtBMAx8nMgz7bksc7IojCIIWuEhHibSMFH8m8oA=="
    },
    "rechoir@0.8.0": {
      "integrity": "sha512-/vxpCXddiX8NGfGO/mTafwjq4aFa/71pvamip0++IQk3zG8cbCj0fifNPrjjF1XMXUne91jL9OoxmdykoEtifQ==",
      "dependencies": [
        "resolve"
      ]
    },
    "resolve-from@5.0.0": {
      "integrity": "sha512-qYg9KP24dD5qka9J47d0aVky0N+b4fTU89LN9iDnjB5waksiC49rvMB0PrUJQGoTmH50XPiqOvAjDfaijGxYZw=="
    },
    "resolve@1.22.8": {
      "integrity": "sha512-oKWePCxqpd6FlLvGV1VU0x7bkPmmCNolxzjMf4NczoDnQcIWrAF+cPtZn5i6n+RfD2d9i0tzpKnG6Yk168yIyw==",
      "dependencies": [
        "is-core-module",
        "path-parse",
        "supports-preserve-symlinks-flag"
      ]
    },
    "supports-preserve-symlinks-flag@1.0.0": {
      "integrity": "sha512-ot0WnXS9fgdkgIcePe6RHNk1WA8+muPa6cSjeR3V8K27q9BB1rTE3R1p7Hv0z1ZyAc8s6Vvv8DIyWf681MAt0w=="
    },
    "tarn@3.0.2": {
      "integrity": "sha512-51LAVKUSZSVfI05vjPESNc5vwqqZpbXCsU+/+wxlOrUjk2SnFTt97v9ZgQrD4YmxYW1Px6w2KjaDitCfkvgxMQ=="
    },
    "tildify@2.0.0": {
      "integrity": "sha512-Cc+OraorugtXNfs50hU9KS369rFXCfgGLpfCfvlc+Ud5u6VWmUQsOAa9HbTvheQdYnrdJqqv1e5oIqXppMYnSw=="
    }
  },
  "remote": {
    "https://cdn.skypack.dev/-/bson@v4.5.4-F38JF4sWndM08oQ5WCDI/dist=es2020,mode=imports/optimized/bson.js": "47f919700b7c3b4a5b3a7843be762ae9406e7cd485311916f198ff5a2da0c751",
    "https://cdn.skypack.dev/pin/bson@v4.5.4-F38JF4sWndM08oQ5WCDI/mode=imports/optimized/bson.js": "fc61370ac798f037e1e7298602b58065dc26496b2f6119c918402fa0e2d60a1c",
    "https://deno.land/std@0.104.0/_util/assert.ts": "2f868145a042a11d5ad0a3c748dcf580add8a0dbc0e876eaa0026303a5488f58",
    "https://deno.land/std@0.104.0/async/deadline.ts": "1d6ac7aeaee22f75eb86e4e105d6161118aad7b41ae2dd14f4cfd3bf97472b93",
    "https://deno.land/std@0.104.0/async/debounce.ts": "b2f693e4baa16b62793fd618de6c003b63228db50ecfe3bd51fc5f6dc0bc264b",
    "https://deno.land/std@0.104.0/async/deferred.ts": "ce81070ad3ba3294f3f34c032af884ccde1a20922b648f6eaee54bd8fd951a1e",
    "https://deno.land/std@0.104.0/async/delay.ts": "9de1d8d07d1927767ab7f82434b883f3d8294fb19cad819691a2ad81a728cf3d",
    "https://deno.land/std@0.104.0/async/mod.ts": "78425176fabea7bd1046ce3819fd69ce40da85c83e0f174d17e8e224a91f7d10",
    "https://deno.land/std@0.104.0/async/mux_async_iterator.ts": "62abff3af9ff619e8f2adc96fc70d4ca020fa48a50c23c13f12d02ed2b760dbe",
    "https://deno.land/std@0.104.0/async/pool.ts": "353ce4f91865da203a097aa6f33de8966340c91b6f4a055611c8c5d534afd12f",
    "https://deno.land/std@0.104.0/async/tee.ts": "6b8f1322b6dd2396202cfbe9cde9cab158d1e962cfd9197b0a97c6657bee79ce",
    "https://deno.land/std@0.104.0/bytes/bytes_list.ts": "a13287edb03f19d27ba4927dec6d6de3e5bd46254cd4aee6f7e5815810122673",
    "https://deno.land/std@0.104.0/bytes/mod.ts": "1ae1ccfe98c4b979f12b015982c7444f81fcb921bea7aa215bf37d84f46e1e13",
    "https://deno.land/std@0.104.0/encoding/base64.ts": "eecae390f1f1d1cae6f6c6d732ede5276bf4b9cd29b1d281678c054dc5cc009e",
    "https://deno.land/std@0.104.0/encoding/hex.ts": "5bc7df19af498c315cdaba69e2fce1b2aef5fc57344e8c21c08991aa8505a260",
    "https://deno.land/std@0.104.0/fmt/colors.ts": "d2f8355f00a74404668fc5a1e4a92983ce1a9b0a6ac1d40efbd681cb8f519586",
    "https://deno.land/std@0.104.0/fs/exists.ts": "b0d2e31654819cc2a8d37df45d6b14686c0cc1d802e9ff09e902a63e98b85a00",
    "https://deno.land/std@0.104.0/hash/_wasm/hash.ts": "313a4820227f1c45fa7204d9c28731b4f8ce97cdcc5f1e7e4efcdf2d70540d32",
    "https://deno.land/std@0.104.0/hash/_wasm/wasm.js": "792f612fbb9998e267f9ae3f82ed72444305cb9c77b5bbf7ff6517fd3b606ed1",
    "https://deno.land/std@0.104.0/hash/mod.ts": "dd339a26b094032f38d71311b85745e8d19f2085364794c1877057e057902dd9",
    "https://deno.land/std@0.104.0/io/buffer.ts": "3ead6bb11276ebcf093c403f74f67fd2205a515dbbb9061862c468ca56f37cd8",
    "https://deno.land/std@0.104.0/io/bufio.ts": "6024117aa37f8d21a116654bd5ca5191d803f6492bbc744e3cee5054d0e900d1",
    "https://deno.land/std@0.104.0/io/util.ts": "85c33d61b20fd706acc094fe80d4c8ae618b04abcf3a96ca2b47071842c1c8ac",
    "https://deno.land/std@0.104.0/log/handlers.ts": "8c7221a2408b4097e186b018f3f1a18865d20b98761aa1dccaf1ee3d57298355",
    "https://deno.land/std@0.104.0/log/levels.ts": "088a883039ece5fa0da5f74bc7688654045ea7cb01bf200b438191a28d728eae",
    "https://deno.land/std@0.104.0/log/logger.ts": "6b2dd8cbe6f407100b9becfe61595d7681f8ce3692412fad843de84d617a038e",
    "https://deno.land/std@0.104.0/log/mod.ts": "91711789b28803082b1bdfb123d2c9685a7e01767f2e79c0a82706063ad964d8",
    "https://deno.land/std@0.104.0/testing/_diff.ts": "5d3693155f561d1a5443ac751ac70aab9f5d67b4819a621d4b96b8a1a1c89620",
    "https://deno.land/std@0.104.0/testing/asserts.ts": "e4311d45d956459d4423bc267208fe154b5294989da2ed93257b6a85cae0427e",
    "https://deno.land/std@0.114.0/_util/assert.ts": "2f868145a042a11d5ad0a3c748dcf580add8a0dbc0e876eaa0026303a5488f58",
    "https://deno.land/std@0.114.0/async/deadline.ts": "1d6ac7aeaee22f75eb86e4e105d6161118aad7b41ae2dd14f4cfd3bf97472b93",
    "https://deno.land/std@0.114.0/async/debounce.ts": "b2f693e4baa16b62793fd618de6c003b63228db50ecfe3bd51fc5f6dc0bc264b",
    "https://deno.land/std@0.114.0/async/deferred.ts": "ab60d46ba561abb3b13c0c8085d05797a384b9f182935f051dc67136817acdee",
    "https://deno.land/std@0.114.0/async/delay.ts": "f2d8ccaa8ebc26594bd8b0989edfd8a96257a714c1dee2fb54d986e5bdd840ac",
    "https://deno.land/std@0.114.0/async/mod.ts": "78425176fabea7bd1046ce3819fd69ce40da85c83e0f174d17e8e224a91f7d10",
    "https://deno.land/std@0.114.0/async/mux_async_iterator.ts": "62abff3af9ff619e8f2adc96fc70d4ca020fa48a50c23c13f12d02ed2b760dbe",
    "https://deno.land/std@0.114.0/async/pool.ts": "353ce4f91865da203a097aa6f33de8966340c91b6f4a055611c8c5d534afd12f",
    "https://deno.land/std@0.114.0/async/tee.ts": "3e9f2ef6b36e55188de16a667c702ace4ad0cf84e3720379160e062bf27348ad",
    "https://deno.land/std@0.114.0/bytes/bytes_list.ts": "3bff6a09c72b2e0b1e92e29bd3b135053894196cca07a2bba842901073efe5cb",
    "https://deno.land/std@0.114.0/bytes/equals.ts": "69f55fdbd45c71f920c1a621e6c0865dc780cd8ae34e0f5e55a9497b70c31c1b",
    "https://deno.land/std@0.114.0/bytes/mod.ts": "fedb80b8da2e7ad8dd251148e65f92a04c73d6c5a430b7d197dc39588c8dda6f",
    "https://deno.land/std@0.114.0/datetime/formatter.ts": "bf7befcd2c55c3060be199ebc10e40f9c33aef6141c20f7c781d03beef25a49e",
    "https://deno.land/std@0.114.0/datetime/mod.ts": "ddbf54ca8144583cdf16f49b5a69c6b4594215d7b14fef8fecc5ff73911da9e3",
    "https://deno.land/std@0.114.0/datetime/tokenizer.ts": "492bb6251e75e0c03d5a89a66bd2b03e08e9cbc298d51e002cf59378aaa32c48",
    "https://deno.land/std@0.114.0/encoding/base64.ts": "0b58bd6477214838bf711eef43eac21e47ba9e5c81b2ce185fe25d9ecab3ebb3",
    "https://deno.land/std@0.114.0/encoding/hex.ts": "5bc7df19af498c315cdaba69e2fce1b2aef5fc57344e8c21c08991aa8505a260",
    "https://deno.land/std@0.114.0/fmt/colors.ts": "8368ddf2d48dfe413ffd04cdbb7ae6a1009cf0dccc9c7ff1d76259d9c61a0621",
    "https://deno.land/std@0.114.0/hash/_wasm/hash.ts": "021e1d98319edaf4bd57cf114e858f16c483d21c1057ef3bec8e329e61207c80",
    "https://deno.land/std@0.114.0/hash/_wasm/wasm.js": "7313f3e83e8e7addc6c5504db29dbb5f3e3fd75ab3d0b76b326bd1bea0f36a2e",
    "https://deno.land/std@0.114.0/hash/mod.ts": "e06f28bf9a212529cfb90f7f67f0840ad3eae1441d29210972e8224002382047",
    "https://deno.land/std@0.114.0/hash/sha256.ts": "bd85257c68d1fdd9da8457284c4fbb04efa9f4f2229b5f41a638d5b71a3a8d5c",
    "https://deno.land/std@0.114.0/io/buffer.ts": "a587093277c889ded709a933cd7d5b6285978275b2015a7cf9c8a3caad464236",
    "https://deno.land/std@0.117.0/_util/assert.ts": "2f868145a042a11d5ad0a3c748dcf580add8a0dbc0e876eaa0026303a5488f58",
    "https://deno.land/std@0.117.0/_wasm_crypto/crypto.js": "1c565287b35f6eb1aa58499d0f4fbac99a9c30eb9a735c512d193a6493499e84",
    "https://deno.land/std@0.117.0/_wasm_crypto/crypto.wasm.js": "e93d38b215c05c552669e9565654599b13e7898ebd3f10ac91e39413efda4b84",
    "https://deno.land/std@0.117.0/_wasm_crypto/mod.ts": "9afe300945fe7e5bcec231b52b0016d8442d026b823f619bb5939b2cf66ff21b",
    "https://deno.land/std@0.117.0/async/deferred.ts": "ab60d46ba561abb3b13c0c8085d05797a384b9f182935f051dc67136817acdee",
    "https://deno.land/std@0.117.0/bytes/bytes_list.ts": "3bff6a09c72b2e0b1e92e29bd3b135053894196cca07a2bba842901073efe5cb",
    "https://deno.land/std@0.117.0/bytes/equals.ts": "69f55fdbd45c71f920c1a621e6c0865dc780cd8ae34e0f5e55a9497b70c31c1b",
    "https://deno.land/std@0.117.0/bytes/mod.ts": "fedb80b8da2e7ad8dd251148e65f92a04c73d6c5a430b7d197dc39588c8dda6f",
    "https://deno.land/std@0.117.0/crypto/mod.ts": "8e1ec0ff94a4f08e3c4f72de5b88781566481602614e62291aa7ae7444ba11f0",
    "https://deno.land/std@0.117.0/encoding/base64.ts": "0b58bd6477214838bf711eef43eac21e47ba9e5c81b2ce185fe25d9ecab3ebb3",
    "https://deno.land/std@0.117.0/encoding/hex.ts": "5bc7df19af498c315cdaba69e2fce1b2aef5fc57344e8c21c08991aa8505a260",
    "https://deno.land/std@0.117.0/fmt/colors.ts": "8368ddf2d48dfe413ffd04cdbb7ae6a1009cf0dccc9c7ff1d76259d9c61a0621",
    "https://deno.land/std@0.117.0/io/buffer.ts": "8f10342821b81990acf859cdccb4e4031c7c9187a0ffc3ed6b356ee29ecc6681",
    "https://deno.land/std@0.117.0/io/files.ts": "8794bf6014e6f3183fc5433926dfef4a50eb8d3ec3b6736ebb4277e5f0ce3420",
    "https://deno.land/std@0.117.0/io/mod.ts": "15804a7fe4d00c3a8c3ffa281845a2d0341414336d5c10e668d1a1c8ecec4114",
    "https://deno.land/std@0.117.0/io/readers.ts": "17403919724fef2f343c88555606368868a5c752a1099ad801f6a381c170f62d",
    "https://deno.land/std@0.117.0/io/streams.ts": "531a435ca1b3586e113151fbbd28f225720f4836f6002650b1ad4b18fb63ac1b",
    "https://deno.land/std@0.117.0/io/util.ts": "96409103aa87b0eb0ddc494666a3514a6e969a1a3e7f69e100115ab7a1f532fb",
    "https://deno.land/std@0.117.0/io/writers.ts": "10067b4e637c602c0ae6bb3b8285da76edeb988f43add4ec4b969c76e17d8a98",
    "https://deno.land/std@0.117.0/streams/conversion.ts": "fe0059ed9d3c53eda4ba44eb71a6a9acb98c5fdb5ba1b6c6ab28004724c7641b",
    "https://deno.land/std@0.117.0/testing/_diff.ts": "e6a10d2aca8d6c27a9c5b8a2dbbf64353874730af539707b5b39d4128140642d",
    "https://deno.land/std@0.117.0/testing/asserts.ts": "a1fef0239a2c343b0baa49c77dcdd7412613c46f3aba2887c331a2d7ed1f645e",
    "https://deno.land/std@0.77.0/fmt/colors.ts": "c5665c66f1a67228f21c5989bbb04b36d369b98dd7ceac06f5e26856c81c2531",
    "https://deno.land/x/bytes_formater@v1.4.0/deps.ts": "4f98f74e21145423b873a5ca6ead66dc3e674fa81e230a0a395f9b86aafeceea",
    "https://deno.land/x/bytes_formater@v1.4.0/format.ts": "657c41b9f180c3ed0f934dcf75f77b09b6a610be98bb07525bffe2acfd5af4d5",
    "https://deno.land/x/bytes_formater@v1.4.0/mod.ts": "c6bf35303f53d74e9134eb13f666fb388fb4c62c6b12b17542bbadade250a864",
    "https://deno.land/x/case@v2.1.0/camelCase.ts": "0808961e69e1883c6e94faf85e333196a464ceba46ddc76984d7b8ce9e26a43a",
    "https://deno.land/x/case@v2.1.0/constantCase.ts": "e50eaa8a45cf68417902fda218f03a99e45e2a30f7fce2db325306c84e8c3f0a",
    "https://deno.land/x/case@v2.1.0/dotCase.ts": "ef3977567057e6c2a4e1b5ca09ec34b9e0788c1a50246187c11f435a468be17e",
    "https://deno.land/x/case@v2.1.0/headerCase.ts": "4440a251a196fb6d7090213c39e4c6c50ddecab90c14ec91495bee3563082d3c",
    "https://deno.land/x/case@v2.1.0/lowerCase.ts": "86d5533f9587ed60003181591e40e648838c23f371edfa79d00288153d113b16",
    "https://deno.land/x/case@v2.1.0/lowerFirstCase.ts": "74e8ebe10f3c54a9d8e81d21127a20fcfb34c446e9c49b2a335162babd652de9",
    "https://deno.land/x/case@v2.1.0/mod.ts": "28b0b1329c7b18730799ac05627a433d9547c04b9bfb429116247c60edecd97b",
    "https://deno.land/x/case@v2.1.0/normalCase.ts": "6a8b924da9ab0790d99233ae54bfcfc996d229cb91b2533639fe20972cc33dac",
    "https://deno.land/x/case@v2.1.0/paramCase.ts": "cf3101c59fd4f16ee14fd09985adb7fa3dbfb194f102499986f7407995202394",
    "https://deno.land/x/case@v2.1.0/pascalCase.ts": "f68936d584182c8f4b341238bd9c424b1a740bfba3ab2847234f57a4c205f1df",
    "https://deno.land/x/case@v2.1.0/pathCase.ts": "76e5f437369f8981e17ecdb07870e1c9c8d2d0357f1bf3377e2b0eb132159ed8",
    "https://deno.land/x/case@v2.1.0/sentenceCase.ts": "f3355985a6a41e088c8c9be80219e5e055a68ad9a987df084a57ee437a0871c5",
    "https://deno.land/x/case@v2.1.0/snakeCase.ts": "ee2ab4e2c931d30bb79190d090c21eb5c00d1de1b7a9a3e7f33e035ae431333b",
    "https://deno.land/x/case@v2.1.0/swapCase.ts": "d9b5ee5b8e1ee3d202cbce32a504dde976b9002ed94b4527054a004179905dbb",
    "https://deno.land/x/case@v2.1.0/titleCase.ts": "36d3fc73df58712240a74b04d84191ac22dd2866bef3838b02157f8e46cb0ecb",
    "https://deno.land/x/case@v2.1.0/types.ts": "8e2bd6edaa27c0d1972c0d5b76698564740f37b4d3787d58d1fb5f48de611e61",
    "https://deno.land/x/case@v2.1.0/upperCase.ts": "e6a1a3dea30e17013aa212ec237b35e2dd5c5c0b1501778c07db66ff0bbe4372",
    "https://deno.land/x/case@v2.1.0/upperFirstCase.ts": "2b083db95744105a4f4accefe66dcd09390634514abf757fc580a7ebad58bf4f",
    "https://deno.land/x/case@v2.1.0/vendor/camelCaseRegexp.ts": "7d9ff02aad4ab6429eeab7c7353f7bcdd6cc5909a8bd3dda97918c8bbb7621ae",
    "https://deno.land/x/case@v2.1.0/vendor/camelCaseUpperRegexp.ts": "292de54a698370f90adcdf95727993d09888b7f33d17f72f8e54ba75f7791787",
    "https://deno.land/x/case@v2.1.0/vendor/nonWordRegexp.ts": "c1a052629a694144b48c66b0175a22a83f4d61cb40f4e45293fc5d6b123f927e",
    "https://deno.land/x/mongo@v0.28.1/bson/bson.ts": "b9c2a1e4b4419bc7e788f0a44996812174393083278c3552e22dcf675693a563",
    "https://deno.land/x/mongo@v0.28.1/deps.ts": "6c61093d6df600d3ea7520edc4903fe86dab0d5ccf452b41b4e6f8a1f014ea74",
    "https://deno.land/x/mongo@v0.28.1/mod.ts": "665e574d7e51cb97be47de48d693b0f0d45bd9cad9674c5c56613f46533bc07b",
    "https://deno.land/x/mongo@v0.28.1/src/auth/base.ts": "3a66fc307c6548bcef0e82cef391c8731f15cb04125094f978c0ca536287db3a",
    "https://deno.land/x/mongo@v0.28.1/src/auth/mod.ts": "b161611bd5be9e9d1b4497227c8ea93ad4daadcd98038c9e5a707bc5da7a25ca",
    "https://deno.land/x/mongo@v0.28.1/src/auth/pbkdf2.ts": "1f1db192fd37869d118ab34780b64567ebcf0ad83a03ef28b3d740cae9adb47a",
    "https://deno.land/x/mongo@v0.28.1/src/auth/scram.ts": "4ec28f58a210b87231e9e55a676628fb1b5a853bfb22c2e36b3ae348b368f671",
    "https://deno.land/x/mongo@v0.28.1/src/auth/x509.ts": "6ce3a17a3b961e1f278b24e859f562c42647efea5072e69030e0e5870ac70b9c",
    "https://deno.land/x/mongo@v0.28.1/src/client.ts": "823ba7d7c17135eeb7bcf4f4783b788f26df40bd2a2ce0e26ea99ffd19c18a5b",
    "https://deno.land/x/mongo@v0.28.1/src/cluster.ts": "40be6bcb22337b2f5c87adcdadf6c841975fd4202eec00fcf4a029a58800c2d1",
    "https://deno.land/x/mongo@v0.28.1/src/collection/collection.ts": "e3b12fa6ebb490acc9761cb63acc30a266821008581b25f92de46c3e42235ea2",
    "https://deno.land/x/mongo@v0.28.1/src/collection/commands/aggregate.ts": "9ed10eacbdcd61c020d91b831d4bffa75afd3c4c272fa69e1aaf77bc339d526f",
    "https://deno.land/x/mongo@v0.28.1/src/collection/commands/find.ts": "247e00d69efef7c6f33a82cb2055cc27e00e7e9dd5232a5cb9d6e65a64c1bbbe",
    "https://deno.land/x/mongo@v0.28.1/src/collection/commands/list_indexes.ts": "d32a5120305d0547497026b4f5ab2ecc2f40ff7f44c405b99c2a0287765333f5",
    "https://deno.land/x/mongo@v0.28.1/src/collection/commands/update.ts": "4c5cc7bfd9e9d4d7d120595615045037cfda520be4a722a0c38f9543ff485e8b",
    "https://deno.land/x/mongo@v0.28.1/src/collection/mod.ts": "bd791a0b9b46be4365f88c54893584eadec2f8cd799db9eb05e0b5b4c8d72b8e",
    "https://deno.land/x/mongo@v0.28.1/src/database.ts": "e1035b010445ceb73436042d99b5ce39afaff4293e9b5e7333b1aa74fda9a107",
    "https://deno.land/x/mongo@v0.28.1/src/error.ts": "9e24b26b25119373bb5c13930ccf807a4bdcfe6633dcd94f04c6df7636d70d34",
    "https://deno.land/x/mongo@v0.28.1/src/gridfs/bucket.ts": "e988aede2a051987ad14acbcdcb1ae2815148c487d480b0e7a4499709fee9da3",
    "https://deno.land/x/mongo@v0.28.1/src/gridfs/indexes.ts": "a0ea4369bf48d119038ac9e8a2fb0bcf974847fe880f74e40dea60e76315343f",
    "https://deno.land/x/mongo@v0.28.1/src/gridfs/upload.ts": "20acb3aa195134e4cf7bc24337cb00029f7c94323347b003ce831f23b5b2f1b1",
    "https://deno.land/x/mongo@v0.28.1/src/protocol/cursor.ts": "9692ab4045514811860fd53faa3aba04a412be6e347b22001b62693dca097ad2",
    "https://deno.land/x/mongo@v0.28.1/src/protocol/handshake.ts": "a5bef517984f56eca54ca4b82d81da83a9327daf60ef47d14fe4764cc611c9a4",
    "https://deno.land/x/mongo@v0.28.1/src/protocol/header.ts": "0f28db842f886e57b7013606c1391affab2e2960a1a4568d2502e7b788117716",
    "https://deno.land/x/mongo@v0.28.1/src/protocol/message.ts": "65a3f6b7eb6b6d623a858ddcff175c7dca86ee0df36ca7aec8dcb0fbf5794c15",
    "https://deno.land/x/mongo@v0.28.1/src/protocol/mod.ts": "4e24d563049c0a236234598ca786ca13778dc17fdb80ac543ac6c75d0c5094d7",
    "https://deno.land/x/mongo@v0.28.1/src/protocol/protocol.ts": "31ef11c927496b11364719d52d7ff1a77568042f0b3af7bad8de0e31984e869f",
    "https://deno.land/x/mongo@v0.28.1/src/types.ts": "9491a89586254ca5c8b96ce7cdece0a45447b99f2695f8e59abefb325a32519a",
    "https://deno.land/x/mongo@v0.28.1/src/types/gridfs.ts": "2f8a7f4f7ac9f7087e9f88d8e752432014fcccb1255d015dd29af225d6d50a61",
    "https://deno.land/x/mongo@v0.28.1/src/types/read_write_concern.ts": "d00f35eb85520e776741888685d08d479766a19e9a0a970b53f4594c9db00496",
    "https://deno.land/x/mongo@v0.28.1/src/utils/bson.ts": "ac9bdb797a179c71f5c4498234cdfbd49b87253fbfdd0be413859b22c5e60e96",
    "https://deno.land/x/mongo@v0.28.1/src/utils/ns.ts": "fb0c57b8dc4d31f8993112d267dec3c163d3e8862198d1cd03b2b51bcc3caad9",
    "https://deno.land/x/mongo@v0.28.1/src/utils/saslprep/deps.ts": "95ceb81b353110526dacf2a98854bc79d6e17d7f173af8806e91c05555d7b8c7",
    "https://deno.land/x/mongo@v0.28.1/src/utils/saslprep/load_code_points.ts": "f6a4ef2eb2345eac40ffbf1a30661cca803f399865f2a0fadafb71f57d4c97bf",
    "https://deno.land/x/mongo@v0.28.1/src/utils/saslprep/memory_pager.ts": "f55a79a13ec569c21630c3915a9af0c6fc0aa2b899121fa2a85a813c6dd4afba",
    "https://deno.land/x/mongo@v0.28.1/src/utils/saslprep/mod.ts": "0a8a39a0784d065a79c54ce63d7d7b103d0b94addc5b7bcf985517ba2442c8a1",
    "https://deno.land/x/mongo@v0.28.1/src/utils/saslprep/sparse_bitfield.ts": "07d6fe2ecd4ba5f711c44c1ae409bb9c1fe3a3cfc09e27434d231d4aae46dd2d",
    "https://deno.land/x/mongo@v0.28.1/src/utils/srv.ts": "09c207069ea6fec02ddcd77c797171e556771dd940eb190a95cf4c7138e87baa",
    "https://deno.land/x/mongo@v0.28.1/src/utils/uri.ts": "a3d80622c8a8eed6bae422cfd817af8e1f62523fcc1e7c019b3d7b7cff0d0f7a",
    "https://deno.land/x/mysql@v2.11.0/deps.ts": "68635959a41bb08bc87db007679fb8449febc55d48202dff20b93cc23ef5820d",
    "https://deno.land/x/mysql@v2.11.0/mod.ts": "c751574b2b41bb0926f0eb4f29c70aa9a435dc039a370e1fb238dc495fea2dcf",
    "https://deno.land/x/mysql@v2.11.0/src/auth.ts": "129ea08b180d3e90e567c3f71e60432bb266304c224e17ea39d604bbcc1160d8",
    "https://deno.land/x/mysql@v2.11.0/src/auth_plugin/caching_sha2_password.ts": "aab89e272382e6f408406f860ae6e79628275f4511e27a565049033543c4bdec",
    "https://deno.land/x/mysql@v2.11.0/src/auth_plugin/crypt.ts": "8798819cce1171d95cfee8edda15fe6a652068cad4dc91f81b6e91cf90a13617",
    "https://deno.land/x/mysql@v2.11.0/src/auth_plugin/index.ts": "8617e520ad854e38470aeefd07becdb3397c4cde16c2397dd48d5c10fdd5ab09",
    "https://deno.land/x/mysql@v2.11.0/src/buffer.ts": "59f7e08e196f1b7e58cf5c3cf8ae8f4d0d47d1ae31430076fc468d974d3b59e7",
    "https://deno.land/x/mysql@v2.11.0/src/client.ts": "9a486419dfeb5f4d15d9fa56705e3cfbab6134bbbe08783a515e7e38f5cbca65",
    "https://deno.land/x/mysql@v2.11.0/src/connection.ts": "0ca035bbba2865f93900d8817f9d3a080e4c01bca3a45dc8318276a14b1d9459",
    "https://deno.land/x/mysql@v2.11.0/src/constant/capabilities.ts": "bf6b357b793da4d6e3f192a45d2368767902d7cb92affde2b393c3e08ed530f9",
    "https://deno.land/x/mysql@v2.11.0/src/constant/charset.ts": "253d7233679c774df623d1f974ebb358f3678c18fd6a623e25983311d97d959b",
    "https://deno.land/x/mysql@v2.11.0/src/constant/errors.ts": "923bab27d524e43199fa21fdfcbe025580ca76d8b32254ad9505765c502f238a",
    "https://deno.land/x/mysql@v2.11.0/src/constant/mysql_types.ts": "79c50de8eb5919b897e81e2ff2366ee1ffdbb4297f711e15003bdb787bbc8e6c",
    "https://deno.land/x/mysql@v2.11.0/src/constant/packet.ts": "a1e7e00ce30c551c5f95c05d233b8d83f8e1fc865de97be3b317058e173630a9",
    "https://deno.land/x/mysql@v2.11.0/src/deferred.ts": "35d087619d919961e849e382c33b2bfea15b4119f55eca2d9c9047f30512a2cb",
    "https://deno.land/x/mysql@v2.11.0/src/logger.ts": "9fe85e361d3972f3105e33930dd4a069456c625b5b0cd7efc322418964edc470",
    "https://deno.land/x/mysql@v2.11.0/src/packets/builders/auth.ts": "d9752c7e95aae3f3ace81df03c19907ed8a9dfe9c19399796e80a24cb83ab2ed",
    "https://deno.land/x/mysql@v2.11.0/src/packets/builders/query.ts": "caf426a72ebe545ff5bab14c8b7b5e412dd8827c091322959cdf4e9aa89ef900",
    "https://deno.land/x/mysql@v2.11.0/src/packets/packet.ts": "d7800cc142226f7dfd3c5f647f03cd3ef308f9d8551b4edb2e1bfb9c758d33b6",
    "https://deno.land/x/mysql@v2.11.0/src/packets/parsers/authswitch.ts": "aa34f21336c4907b3ae968108fcdad8f1c43a303088efd83d972e6c7b258c166",
    "https://deno.land/x/mysql@v2.11.0/src/packets/parsers/err.ts": "4110c4ddc2ae8358d6661fa2522f8eda2e603900d1e433e3684765ed50e88ed8",
    "https://deno.land/x/mysql@v2.11.0/src/packets/parsers/handshake.ts": "88f7ee34e9e0ef089bc5fdefacaccf256ef002b2f7a8ad684e35327682039e73",
    "https://deno.land/x/mysql@v2.11.0/src/packets/parsers/result.ts": "8ab16f1adae67415eefcc17803b0eb828c1f4c6a24c55f25949f418e862d3ec8",
    "https://deno.land/x/mysql@v2.11.0/src/pool.ts": "978ba2813b3886d68be007678360ad43c54dab14b1aea1c07fcdb41222fcc432",
    "https://deno.land/x/mysql@v2.11.0/src/util.ts": "83d38e87cc3901da00ac44bfcd53c0e8d24525262f5c7647c912dccf3ed2dbb5",
    "https://deno.land/x/postgres@v0.14.2/client.ts": "06b636869904b090c998f79620ae0a0ea062c204728e236c76cb45e31ca9dee5",
    "https://deno.land/x/postgres@v0.14.2/client/error.ts": "60b9a575b694a92657654165f6737acbe9fb4bbc1ecf1359a12b413129bb6cdf",
    "https://deno.land/x/postgres@v0.14.2/connection/auth.ts": "f397ca9bcd8cf40644085bb030f232ae691749d77ad10693f2e33e07b977bc47",
    "https://deno.land/x/postgres@v0.14.2/connection/connection.ts": "3f0959e1d3e76f6feb03502779fe981dfaa72edaffe6a9bcafeeecabd0fe48d1",
    "https://deno.land/x/postgres@v0.14.2/connection/connection_params.ts": "e5621de3b9563734455602f01ce7b20add950ee882b81866d3d3b43db8daa6fb",
    "https://deno.land/x/postgres@v0.14.2/connection/message.ts": "f9257948b7f87d58bfbfe3fc6e2e08f0de3ef885655904d56a5f73655cc22c5a",
    "https://deno.land/x/postgres@v0.14.2/connection/message_code.ts": "466719008b298770c366c5c63f6cf8285b7f76514dadb4b11e7d9756a8a1ddbf",
    "https://deno.land/x/postgres@v0.14.2/connection/packet.ts": "050aeff1fc13c9349e89451a155ffcd0b1343dc313a51f84439e3e45f64b56c8",
    "https://deno.land/x/postgres@v0.14.2/connection/scram.ts": "11316f3181a21b6bdd8e7c66442469a0c956bd6cf46b086c9199668b3c37654c",
    "https://deno.land/x/postgres@v0.14.2/deps.ts": "dfc89682720edaecadc553d99103333c7f01398d00baced04a350d6288bdd7ee",
    "https://deno.land/x/postgres@v0.14.2/mod.ts": "d30a3e499b827b645bc396e6c9cdab9814dfc99a3e5b2f9a55fbc83b68d7b079",
    "https://deno.land/x/postgres@v0.14.2/pool.ts": "d1277c33156b15b39786fc4a5d2278d8d3b73416d4bca4a5b0bb5e2913d117ed",
    "https://deno.land/x/postgres@v0.14.2/query/array_parser.ts": "f8a229d82c3801de8266fa2cc4afe12e94fef8d0c479e73655c86ed3667ef33f",
    "https://deno.land/x/postgres@v0.14.2/query/decode.ts": "44a4a6cbcf494ed91a4fecae38a57dce63a7b519166f02c702791d9717371419",
    "https://deno.land/x/postgres@v0.14.2/query/decoders.ts": "4f654e12c2a9f0a52c40cd2986d817e5dbec57cd4ad093ea6cbe996d797f6e37",
    "https://deno.land/x/postgres@v0.14.2/query/encode.ts": "990a49b10b4fe2724a88bafe1c05c3df4cdba686f8baa2ec16b739ff0628b87d",
    "https://deno.land/x/postgres@v0.14.2/query/oid.ts": "8c33e1325f34e4ca9f11a48b8066c8cfcace5f64bc1eb17ad7247af4936999e1",
    "https://deno.land/x/postgres@v0.14.2/query/query.ts": "36c191c3ed4f089dd281bea641a0974569993a88e0049e05d8087cd9b0f87406",
    "https://deno.land/x/postgres@v0.14.2/query/transaction.ts": "e2902f3afed91e2697692f1f0d1edf302be7e5692c2c2e291d5c7ae039daef34",
    "https://deno.land/x/postgres@v0.14.2/query/types.ts": "a6dc8024867fe7ccb0ba4b4fa403ee5d474c7742174128c8e689c3b5e5eaa933",
    "https://deno.land/x/postgres@v0.14.2/utils/deferred.ts": "3c203ba0bebae5a33edd95d59c633d3f8b887c9856ad406642ac5a3c47ba005a",
    "https://deno.land/x/postgres@v0.14.2/utils/utils.ts": "0706bde6e189f28deb283df30193b1d4d0b3b737f1ff90e1170fcaecd7b8ffd5",
    "https://deno.land/x/sql_builder@v1.9.1/util.ts": "b9855dc435972704cf82655019f4ec168ac83550ab4db596c5f6b6d201466384",
    "https://deno.land/x/sqlite@v3.7.0/build/sqlite.js": "cc55fef9cd124b2acb624899a5fad413834f4701bcfc21ac275844b822466292",
    "https://deno.land/x/sqlite@v3.7.0/build/vfs.js": "08533cc78fb29b9d9bd62f6bb93e5ef333407013fed185776808f11223ba0e70",
    "https://deno.land/x/sqlite@v3.7.0/mod.ts": "e09fc79d8065fe222578114b109b1fd60077bff1bb75448532077f784f4d6a83",
    "https://deno.land/x/sqlite@v3.7.0/src/constants.ts": "90f3be047ec0a89bcb5d6fc30db121685fc82cb00b1c476124ff47a4b0472aa9",
    "https://deno.land/x/sqlite@v3.7.0/src/db.ts": "87e3d222d00dd2e2827816a47976c6359996ab39e69c7f87855ea414585839c6",
    "https://deno.land/x/sqlite@v3.7.0/src/error.ts": "f7a15cb00d7c3797da1aefee3cf86d23e0ae92e73f0ba3165496c3816ab9503a",
    "https://deno.land/x/sqlite@v3.7.0/src/function.ts": "e4c83b8ec64bf88bafad2407376b0c6a3b54e777593c70336fb40d43a79865f2",
    "https://deno.land/x/sqlite@v3.7.0/src/query.ts": "69895232360b4254a8834e3bbea30bc3752cf691dba862f4a393e7a41a2e30eb",
    "https://deno.land/x/sqlite@v3.7.0/src/wasm.ts": "e79d0baa6e42423257fb3c7cc98091c54399254867e0f34a09b5bdef37bd9487"
  },
  "workspace": {
    "dependencies": [
      "jsr:@es-toolkit/es-toolkit@^1.18.0"
    ]
  }
}
